// !$*UTF8*$!
{
	archiveVersion = 1;
	classes = {
	};
	objectVersion = 50;
	objects = {

/* Begin PBXBuildFile section */
		A450E25C25BD6C0300DFFA5F /* AddRankModal.swift in Sources */ = {isa = PBXBuildFile; fileRef = A450E25B25BD6C0300DFFA5F /* AddRankModal.swift */; };
		A450E28525BF05AA00DFFA5F /* abseil.framework in Frameworks */ = {isa = PBXBuildFile; fileRef = A450E28025BF053A00DFFA5F /* abseil.framework */; };
		A450E28725BF05AA00DFFA5F /* BoringSSL-GRPC.framework in Frameworks */ = {isa = PBXBuildFile; fileRef = A450E27C25BF053A00DFFA5F /* BoringSSL-GRPC.framework */; };
		A450E28925BF05AA00DFFA5F /* FIRAnalyticsConnector.framework in Frameworks */ = {isa = PBXBuildFile; fileRef = A450E28325BF053A00DFFA5F /* FIRAnalyticsConnector.framework */; };
		A450E28D25BF05AA00DFFA5F /* FirebaseAnalytics.framework in Frameworks */ = {isa = PBXBuildFile; fileRef = A450E27A25BF053A00DFFA5F /* FirebaseAnalytics.framework */; };
		A450E28F25BF05AA00DFFA5F /* FirebaseCore.framework in Frameworks */ = {isa = PBXBuildFile; fileRef = A450E27925BF053A00DFFA5F /* FirebaseCore.framework */; };
		A450E29125BF05AA00DFFA5F /* FirebaseCoreDiagnostics.framework in Frameworks */ = {isa = PBXBuildFile; fileRef = A450E28425BF053A00DFFA5F /* FirebaseCoreDiagnostics.framework */; };
		A450E29325BF05AA00DFFA5F /* FirebaseFirestore.framework in Frameworks */ = {isa = PBXBuildFile; fileRef = A450E27725BF053A00DFFA5F /* FirebaseFirestore.framework */; };
		A450E29525BF05AA00DFFA5F /* FirebaseInstallations.framework in Frameworks */ = {isa = PBXBuildFile; fileRef = A450E28225BF053A00DFFA5F /* FirebaseInstallations.framework */; };
		A450E29725BF05AA00DFFA5F /* GoogleAppMeasurement.framework in Frameworks */ = {isa = PBXBuildFile; fileRef = A450E27825BF053A00DFFA5F /* GoogleAppMeasurement.framework */; };
		A450E29925BF05AA00DFFA5F /* GoogleDataTransport.framework in Frameworks */ = {isa = PBXBuildFile; fileRef = A450E27525BF053A00DFFA5F /* GoogleDataTransport.framework */; };
		A450E29B25BF05AA00DFFA5F /* GoogleUtilities.framework in Frameworks */ = {isa = PBXBuildFile; fileRef = A450E27B25BF053A00DFFA5F /* GoogleUtilities.framework */; };
		A450E29D25BF05AA00DFFA5F /* gRPC-C++.framework in Frameworks */ = {isa = PBXBuildFile; fileRef = A450E28125BF053A00DFFA5F /* gRPC-C++.framework */; };
		A450E29F25BF05AA00DFFA5F /* gRPC-Core.framework in Frameworks */ = {isa = PBXBuildFile; fileRef = A450E27425BF053A00DFFA5F /* gRPC-Core.framework */; };
		A450E2A125BF05AA00DFFA5F /* leveldb-library.framework in Frameworks */ = {isa = PBXBuildFile; fileRef = A450E27F25BF053A00DFFA5F /* leveldb-library.framework */; };
		A450E2A325BF05AB00DFFA5F /* nanopb.framework in Frameworks */ = {isa = PBXBuildFile; fileRef = A450E27E25BF053A00DFFA5F /* nanopb.framework */; };
		A450E2A525BF05AB00DFFA5F /* PromisesObjC.framework in Frameworks */ = {isa = PBXBuildFile; fileRef = A450E27D25BF053A00DFFA5F /* PromisesObjC.framework */; };
		A450E2A925BF06B600DFFA5F /* FirebaseFirestore.framework in Resources */ = {isa = PBXBuildFile; fileRef = A450E26425BF050C00DFFA5F /* FirebaseFirestore.framework */; };
		A467147125AC5D2F00B9B735 /* RankContentController.swift in Sources */ = {isa = PBXBuildFile; fileRef = A467147025AC5D2F00B9B735 /* RankContentController.swift */; };
		A467147325AC5D6000B9B735 /* RankContent.swift in Sources */ = {isa = PBXBuildFile; fileRef = A467147225AC5D6000B9B735 /* RankContent.swift */; };
		A49775C225C6FBD400C70E4F /* GoogleService-Info.plist in Resources */ = {isa = PBXBuildFile; fileRef = A450E2AA25BF0CAB00DFFA5F /* GoogleService-Info.plist */; };
		A4D5352F25C0599800361419 /* gRPC-C++.framework in Resources */ = {isa = PBXBuildFile; fileRef = A4D5352E25C0599800361419 /* gRPC-C++.framework */; };
		A4E92F34257D2BD6008A78DD /* AppDelegate.swift in Sources */ = {isa = PBXBuildFile; fileRef = A4E92F33257D2BD6008A78DD /* AppDelegate.swift */; };
		A4E92F36257D2BD6008A78DD /* SceneDelegate.swift in Sources */ = {isa = PBXBuildFile; fileRef = A4E92F35257D2BD6008A78DD /* SceneDelegate.swift */; };
		A4E92F38257D2BD6008A78DD /* ContentView.swift in Sources */ = {isa = PBXBuildFile; fileRef = A4E92F37257D2BD6008A78DD /* ContentView.swift */; };
		A4E92F3A257D2BD7008A78DD /* Assets.xcassets in Resources */ = {isa = PBXBuildFile; fileRef = A4E92F39257D2BD7008A78DD /* Assets.xcassets */; };
		A4E92F3D257D2BD7008A78DD /* Preview Assets.xcassets in Resources */ = {isa = PBXBuildFile; fileRef = A4E92F3C257D2BD7008A78DD /* Preview Assets.xcassets */; };
		A4E92F40257D2BD7008A78DD /* LaunchScreen.storyboard in Resources */ = {isa = PBXBuildFile; fileRef = A4E92F3E257D2BD7008A78DD /* LaunchScreen.storyboard */; };
		A4E92F4B257E6BA3008A78DD /* RankContentView.swift in Sources */ = {isa = PBXBuildFile; fileRef = A4E92F4A257E6BA3008A78DD /* RankContentView.swift */; };
		A4E92F4D257E7266008A78DD /* RankView.swift in Sources */ = {isa = PBXBuildFile; fileRef = A4E92F4C257E7266008A78DD /* RankView.swift */; };
		A4E92F4F25825088008A78DD /* Rank.swift in Sources */ = {isa = PBXBuildFile; fileRef = A4E92F4E25825088008A78DD /* Rank.swift */; };
		A4E92F5125861AA5008A78DD /* RankController.swift in Sources */ = {isa = PBXBuildFile; fileRef = A4E92F5025861AA5008A78DD /* RankController.swift */; };
/* End PBXBuildFile section */

/* Begin PBXFileReference section */
		A450E25B25BD6C0300DFFA5F /* AddRankModal.swift */ = {isa = PBXFileReference; lastKnownFileType = sourcecode.swift; path = AddRankModal.swift; sourceTree = "<group>"; };
		A450E25F25BF050C00DFFA5F /* .FirebaseFirestoreBinary.version */ = {isa = PBXFileReference; lastKnownFileType = text; path = .FirebaseFirestoreBinary.version; sourceTree = "<group>"; };
		A450E26125BF050C00DFFA5F /* gRPC-Core.framework */ = {isa = PBXFileReference; lastKnownFileType = wrapper.framework; path = "gRPC-Core.framework"; sourceTree = "<group>"; };
		A450E26225BF050C00DFFA5F /* GoogleDataTransport.framework */ = {isa = PBXFileReference; lastKnownFileType = wrapper.framework; path = GoogleDataTransport.framework; sourceTree = "<group>"; };
		A450E26325BF050C00DFFA5F /* Firebase.framework */ = {isa = PBXFileReference; lastKnownFileType = wrapper.framework; path = Firebase.framework; sourceTree = "<group>"; };
		A450E26425BF050C00DFFA5F /* FirebaseFirestore.framework */ = {isa = PBXFileReference; lastKnownFileType = wrapper.framework; path = FirebaseFirestore.framework; sourceTree = "<group>"; };
		A450E26525BF050C00DFFA5F /* GoogleAppMeasurement.framework */ = {isa = PBXFileReference; lastKnownFileType = wrapper.framework; path = GoogleAppMeasurement.framework; sourceTree = "<group>"; };
		A450E26625BF050C00DFFA5F /* FirebaseCore.framework */ = {isa = PBXFileReference; lastKnownFileType = wrapper.framework; path = FirebaseCore.framework; sourceTree = "<group>"; };
		A450E26725BF050C00DFFA5F /* FirebaseAnalytics.framework */ = {isa = PBXFileReference; lastKnownFileType = wrapper.framework; path = FirebaseAnalytics.framework; sourceTree = "<group>"; };
		A450E26825BF050C00DFFA5F /* GoogleUtilities.framework */ = {isa = PBXFileReference; lastKnownFileType = wrapper.framework; path = GoogleUtilities.framework; sourceTree = "<group>"; };
		A450E26925BF050C00DFFA5F /* BoringSSL-GRPC.framework */ = {isa = PBXFileReference; lastKnownFileType = wrapper.framework; path = "BoringSSL-GRPC.framework"; sourceTree = "<group>"; };
		A450E26A25BF050C00DFFA5F /* PromisesObjC.framework */ = {isa = PBXFileReference; lastKnownFileType = wrapper.framework; path = PromisesObjC.framework; sourceTree = "<group>"; };
		A450E26B25BF050C00DFFA5F /* nanopb.framework */ = {isa = PBXFileReference; lastKnownFileType = wrapper.framework; path = nanopb.framework; sourceTree = "<group>"; };
		A450E26C25BF050C00DFFA5F /* leveldb-library.framework */ = {isa = PBXFileReference; lastKnownFileType = wrapper.framework; path = "leveldb-library.framework"; sourceTree = "<group>"; };
		A450E26D25BF050C00DFFA5F /* abseil.framework */ = {isa = PBXFileReference; lastKnownFileType = wrapper.framework; path = abseil.framework; sourceTree = "<group>"; };
		A450E26E25BF050C00DFFA5F /* gRPC-C++.framework */ = {isa = PBXFileReference; lastKnownFileType = wrapper.framework; path = "gRPC-C++.framework"; sourceTree = "<group>"; };
		A450E26F25BF050C00DFFA5F /* FirebaseInstallations.framework */ = {isa = PBXFileReference; lastKnownFileType = wrapper.framework; path = FirebaseInstallations.framework; sourceTree = "<group>"; };
		A450E27025BF050C00DFFA5F /* FIRAnalyticsConnector.framework */ = {isa = PBXFileReference; lastKnownFileType = wrapper.framework; path = FIRAnalyticsConnector.framework; sourceTree = "<group>"; };
		A450E27125BF050C00DFFA5F /* FirebaseCoreDiagnostics.framework */ = {isa = PBXFileReference; lastKnownFileType = wrapper.framework; path = FirebaseCoreDiagnostics.framework; sourceTree = "<group>"; };
		A450E27225BF050C00DFFA5F /* .FirebaseAnalyticsBinary.version */ = {isa = PBXFileReference; lastKnownFileType = text; path = .FirebaseAnalyticsBinary.version; sourceTree = "<group>"; };
		A450E27425BF053A00DFFA5F /* gRPC-Core.framework */ = {isa = PBXFileReference; lastKnownFileType = wrapper.framework; path = "gRPC-Core.framework"; sourceTree = "<group>"; };
		A450E27525BF053A00DFFA5F /* GoogleDataTransport.framework */ = {isa = PBXFileReference; lastKnownFileType = wrapper.framework; path = GoogleDataTransport.framework; sourceTree = "<group>"; };
		A450E27625BF053A00DFFA5F /* Firebase.framework */ = {isa = PBXFileReference; lastKnownFileType = wrapper.framework; path = Firebase.framework; sourceTree = "<group>"; };
		A450E27725BF053A00DFFA5F /* FirebaseFirestore.framework */ = {isa = PBXFileReference; lastKnownFileType = wrapper.framework; path = FirebaseFirestore.framework; sourceTree = "<group>"; };
		A450E27825BF053A00DFFA5F /* GoogleAppMeasurement.framework */ = {isa = PBXFileReference; lastKnownFileType = wrapper.framework; path = GoogleAppMeasurement.framework; sourceTree = "<group>"; };
		A450E27925BF053A00DFFA5F /* FirebaseCore.framework */ = {isa = PBXFileReference; lastKnownFileType = wrapper.framework; path = FirebaseCore.framework; sourceTree = "<group>"; };
		A450E27A25BF053A00DFFA5F /* FirebaseAnalytics.framework */ = {isa = PBXFileReference; lastKnownFileType = wrapper.framework; path = FirebaseAnalytics.framework; sourceTree = "<group>"; };
		A450E27B25BF053A00DFFA5F /* GoogleUtilities.framework */ = {isa = PBXFileReference; lastKnownFileType = wrapper.framework; path = GoogleUtilities.framework; sourceTree = "<group>"; };
		A450E27C25BF053A00DFFA5F /* BoringSSL-GRPC.framework */ = {isa = PBXFileReference; lastKnownFileType = wrapper.framework; path = "BoringSSL-GRPC.framework"; sourceTree = "<group>"; };
		A450E27D25BF053A00DFFA5F /* PromisesObjC.framework */ = {isa = PBXFileReference; lastKnownFileType = wrapper.framework; path = PromisesObjC.framework; sourceTree = "<group>"; };
		A450E27E25BF053A00DFFA5F /* nanopb.framework */ = {isa = PBXFileReference; lastKnownFileType = wrapper.framework; path = nanopb.framework; sourceTree = "<group>"; };
		A450E27F25BF053A00DFFA5F /* leveldb-library.framework */ = {isa = PBXFileReference; lastKnownFileType = wrapper.framework; path = "leveldb-library.framework"; sourceTree = "<group>"; };
		A450E28025BF053A00DFFA5F /* abseil.framework */ = {isa = PBXFileReference; lastKnownFileType = wrapper.framework; path = abseil.framework; sourceTree = "<group>"; };
		A450E28125BF053A00DFFA5F /* gRPC-C++.framework */ = {isa = PBXFileReference; lastKnownFileType = wrapper.framework; path = "gRPC-C++.framework"; sourceTree = "<group>"; };
		A450E28225BF053A00DFFA5F /* FirebaseInstallations.framework */ = {isa = PBXFileReference; lastKnownFileType = wrapper.framework; path = FirebaseInstallations.framework; sourceTree = "<group>"; };
		A450E28325BF053A00DFFA5F /* FIRAnalyticsConnector.framework */ = {isa = PBXFileReference; lastKnownFileType = wrapper.framework; path = FIRAnalyticsConnector.framework; sourceTree = "<group>"; };
		A450E28425BF053A00DFFA5F /* FirebaseCoreDiagnostics.framework */ = {isa = PBXFileReference; lastKnownFileType = wrapper.framework; path = FirebaseCoreDiagnostics.framework; sourceTree = "<group>"; };
		A450E2AA25BF0CAB00DFFA5F /* GoogleService-Info.plist */ = {isa = PBXFileReference; fileEncoding = 4; lastKnownFileType = text.plist.xml; path = "GoogleService-Info.plist"; sourceTree = "<group>"; };
		A467147025AC5D2F00B9B735 /* RankContentController.swift */ = {isa = PBXFileReference; lastKnownFileType = sourcecode.swift; path = RankContentController.swift; sourceTree = "<group>"; };
		A467147225AC5D6000B9B735 /* RankContent.swift */ = {isa = PBXFileReference; lastKnownFileType = sourcecode.swift; path = RankContent.swift; sourceTree = "<group>"; };
		A4D5352E25C0599800361419 /* gRPC-C++.framework */ = {isa = PBXFileReference; lastKnownFileType = wrapper.framework; name = "gRPC-C++.framework"; path = "Carthage/Build/iOS/gRPC-C++.framework"; sourceTree = "<group>"; };
		A4E92F30257D2BD6008A78DD /* RankApp.app */ = {isa = PBXFileReference; explicitFileType = wrapper.application; includeInIndex = 0; path = RankApp.app; sourceTree = BUILT_PRODUCTS_DIR; };
		A4E92F33257D2BD6008A78DD /* AppDelegate.swift */ = {isa = PBXFileReference; lastKnownFileType = sourcecode.swift; path = AppDelegate.swift; sourceTree = "<group>"; };
		A4E92F35257D2BD6008A78DD /* SceneDelegate.swift */ = {isa = PBXFileReference; lastKnownFileType = sourcecode.swift; path = SceneDelegate.swift; sourceTree = "<group>"; };
		A4E92F37257D2BD6008A78DD /* ContentView.swift */ = {isa = PBXFileReference; lastKnownFileType = sourcecode.swift; path = ContentView.swift; sourceTree = "<group>"; };
		A4E92F39257D2BD7008A78DD /* Assets.xcassets */ = {isa = PBXFileReference; lastKnownFileType = folder.assetcatalog; path = Assets.xcassets; sourceTree = "<group>"; };
		A4E92F3C257D2BD7008A78DD /* Preview Assets.xcassets */ = {isa = PBXFileReference; lastKnownFileType = folder.assetcatalog; path = "Preview Assets.xcassets"; sourceTree = "<group>"; };
		A4E92F3F257D2BD7008A78DD /* Base */ = {isa = PBXFileReference; lastKnownFileType = file.storyboard; name = Base; path = Base.lproj/LaunchScreen.storyboard; sourceTree = "<group>"; };
		A4E92F41257D2BD7008A78DD /* Info.plist */ = {isa = PBXFileReference; lastKnownFileType = text.plist.xml; path = Info.plist; sourceTree = "<group>"; };
		A4E92F4A257E6BA3008A78DD /* RankContentView.swift */ = {isa = PBXFileReference; lastKnownFileType = sourcecode.swift; path = RankContentView.swift; sourceTree = "<group>"; };
		A4E92F4C257E7266008A78DD /* RankView.swift */ = {isa = PBXFileReference; lastKnownFileType = sourcecode.swift; path = RankView.swift; sourceTree = "<group>"; };
		A4E92F4E25825088008A78DD /* Rank.swift */ = {isa = PBXFileReference; lastKnownFileType = sourcecode.swift; path = Rank.swift; sourceTree = "<group>"; };
		A4E92F5025861AA5008A78DD /* RankController.swift */ = {isa = PBXFileReference; lastKnownFileType = sourcecode.swift; path = RankController.swift; sourceTree = "<group>"; };
/* End PBXFileReference section */

/* Begin PBXFrameworksBuildPhase section */
		A4E92F2D257D2BD6008A78DD /* Frameworks */ = {
			isa = PBXFrameworksBuildPhase;
			buildActionMask = 2147483647;
			files = (
				A450E28725BF05AA00DFFA5F /* BoringSSL-GRPC.framework in Frameworks */,
				A450E28925BF05AA00DFFA5F /* FIRAnalyticsConnector.framework in Frameworks */,
				A450E29925BF05AA00DFFA5F /* GoogleDataTransport.framework in Frameworks */,
				A450E29D25BF05AA00DFFA5F /* gRPC-C++.framework in Frameworks */,
				A450E29725BF05AA00DFFA5F /* GoogleAppMeasurement.framework in Frameworks */,
				A450E28F25BF05AA00DFFA5F /* FirebaseCore.framework in Frameworks */,
				A450E29325BF05AA00DFFA5F /* FirebaseFirestore.framework in Frameworks */,
				A450E29B25BF05AA00DFFA5F /* GoogleUtilities.framework in Frameworks */,
				A450E28525BF05AA00DFFA5F /* abseil.framework in Frameworks */,
				A450E29F25BF05AA00DFFA5F /* gRPC-Core.framework in Frameworks */,
				A450E2A325BF05AB00DFFA5F /* nanopb.framework in Frameworks */,
				A450E2A525BF05AB00DFFA5F /* PromisesObjC.framework in Frameworks */,
				A450E29525BF05AA00DFFA5F /* FirebaseInstallations.framework in Frameworks */,
				A450E29125BF05AA00DFFA5F /* FirebaseCoreDiagnostics.framework in Frameworks */,
				A450E28D25BF05AA00DFFA5F /* FirebaseAnalytics.framework in Frameworks */,
				A450E2A125BF05AA00DFFA5F /* leveldb-library.framework in Frameworks */,
			);
			runOnlyForDeploymentPostprocessing = 0;
		};
/* End PBXFrameworksBuildPhase section */

/* Begin PBXGroup section */
		A450E25D25BF050B00DFFA5F /* Frameworks */ = {
			isa = PBXGroup;
			children = (
				A450E27325BF053A00DFFA5F /* iOS */,
				A450E25E25BF050C00DFFA5F /* Build */,
			);
			name = Frameworks;
			sourceTree = "<group>";
		};
		A450E25E25BF050C00DFFA5F /* Build */ = {
			isa = PBXGroup;
			children = (
				A450E25F25BF050C00DFFA5F /* .FirebaseFirestoreBinary.version */,
				A450E26025BF050C00DFFA5F /* iOS */,
				A450E27225BF050C00DFFA5F /* .FirebaseAnalyticsBinary.version */,
			);
			name = Build;
			path = Carthage/Build;
			sourceTree = "<group>";
		};
		A450E26025BF050C00DFFA5F /* iOS */ = {
			isa = PBXGroup;
			children = (
				A450E26125BF050C00DFFA5F /* gRPC-Core.framework */,
				A450E26225BF050C00DFFA5F /* GoogleDataTransport.framework */,
				A450E26325BF050C00DFFA5F /* Firebase.framework */,
				A450E26425BF050C00DFFA5F /* FirebaseFirestore.framework */,
				A450E26525BF050C00DFFA5F /* GoogleAppMeasurement.framework */,
				A450E26625BF050C00DFFA5F /* FirebaseCore.framework */,
				A450E26725BF050C00DFFA5F /* FirebaseAnalytics.framework */,
				A450E26825BF050C00DFFA5F /* GoogleUtilities.framework */,
				A450E26925BF050C00DFFA5F /* BoringSSL-GRPC.framework */,
				A450E26A25BF050C00DFFA5F /* PromisesObjC.framework */,
				A450E26B25BF050C00DFFA5F /* nanopb.framework */,
				A450E26C25BF050C00DFFA5F /* leveldb-library.framework */,
				A450E26D25BF050C00DFFA5F /* abseil.framework */,
				A450E26E25BF050C00DFFA5F /* gRPC-C++.framework */,
				A450E26F25BF050C00DFFA5F /* FirebaseInstallations.framework */,
				A450E27025BF050C00DFFA5F /* FIRAnalyticsConnector.framework */,
				A450E27125BF050C00DFFA5F /* FirebaseCoreDiagnostics.framework */,
			);
			path = iOS;
			sourceTree = "<group>";
		};
		A450E27325BF053A00DFFA5F /* iOS */ = {
			isa = PBXGroup;
			children = (
				A450E27425BF053A00DFFA5F /* gRPC-Core.framework */,
				A450E27525BF053A00DFFA5F /* GoogleDataTransport.framework */,
				A450E27625BF053A00DFFA5F /* Firebase.framework */,
				A450E27725BF053A00DFFA5F /* FirebaseFirestore.framework */,
				A450E27825BF053A00DFFA5F /* GoogleAppMeasurement.framework */,
				A450E27925BF053A00DFFA5F /* FirebaseCore.framework */,
				A450E27A25BF053A00DFFA5F /* FirebaseAnalytics.framework */,
				A450E27B25BF053A00DFFA5F /* GoogleUtilities.framework */,
				A450E27C25BF053A00DFFA5F /* BoringSSL-GRPC.framework */,
				A450E27D25BF053A00DFFA5F /* PromisesObjC.framework */,
				A450E27E25BF053A00DFFA5F /* nanopb.framework */,
				A450E27F25BF053A00DFFA5F /* leveldb-library.framework */,
				A450E28025BF053A00DFFA5F /* abseil.framework */,
				A450E28125BF053A00DFFA5F /* gRPC-C++.framework */,
				A450E28225BF053A00DFFA5F /* FirebaseInstallations.framework */,
				A450E28325BF053A00DFFA5F /* FIRAnalyticsConnector.framework */,
				A450E28425BF053A00DFFA5F /* FirebaseCoreDiagnostics.framework */,
			);
			name = iOS;
			path = Carthage/Build/iOS;
			sourceTree = "<group>";
		};
		A4E92F27257D2BD6008A78DD = {
			isa = PBXGroup;
			children = (
				A4D5352E25C0599800361419 /* gRPC-C++.framework */,
				A4E92F32257D2BD6008A78DD /* RankApp */,
				A4E92F31257D2BD6008A78DD /* Products */,
				A450E25D25BF050B00DFFA5F /* Frameworks */,
			);
			sourceTree = "<group>";
		};
		A4E92F31257D2BD6008A78DD /* Products */ = {
			isa = PBXGroup;
			children = (
				A4E92F30257D2BD6008A78DD /* RankApp.app */,
			);
			name = Products;
			sourceTree = "<group>";
		};
		A4E92F32257D2BD6008A78DD /* RankApp */ = {
			isa = PBXGroup;
			children = (
				A4E92F47257D2D99008A78DD /* Controller */,
				A4E92F49257D2DB2008A78DD /* View */,
				A4E92F48257D2DA1008A78DD /* Model */,
				A4E92F33257D2BD6008A78DD /* AppDelegate.swift */,
				A4E92F35257D2BD6008A78DD /* SceneDelegate.swift */,
				A4E92F37257D2BD6008A78DD /* ContentView.swift */,
				A450E2AA25BF0CAB00DFFA5F /* GoogleService-Info.plist */,
				A4E92F39257D2BD7008A78DD /* Assets.xcassets */,
				A4E92F3E257D2BD7008A78DD /* LaunchScreen.storyboard */,
				A4E92F41257D2BD7008A78DD /* Info.plist */,
				A4E92F3B257D2BD7008A78DD /* Preview Content */,
			);
			path = RankApp;
			sourceTree = "<group>";
		};
		A4E92F3B257D2BD7008A78DD /* Preview Content */ = {
			isa = PBXGroup;
			children = (
				A4E92F3C257D2BD7008A78DD /* Preview Assets.xcassets */,
			);
			path = "Preview Content";
			sourceTree = "<group>";
		};
		A4E92F47257D2D99008A78DD /* Controller */ = {
			isa = PBXGroup;
			children = (
				A4E92F5025861AA5008A78DD /* RankController.swift */,
				A467147025AC5D2F00B9B735 /* RankContentController.swift */,
			);
			path = Controller;
			sourceTree = "<group>";
		};
		A4E92F48257D2DA1008A78DD /* Model */ = {
			isa = PBXGroup;
			children = (
				A4E92F4E25825088008A78DD /* Rank.swift */,
				A467147225AC5D6000B9B735 /* RankContent.swift */,
			);
			name = Model;
			path = RankApp/Model;
			sourceTree = SOURCE_ROOT;
		};
		A4E92F49257D2DB2008A78DD /* View */ = {
			isa = PBXGroup;
			children = (
				A4E92F4A257E6BA3008A78DD /* RankContentView.swift */,
				A4E92F4C257E7266008A78DD /* RankView.swift */,
				A450E25B25BD6C0300DFFA5F /* AddRankModal.swift */,
			);
			path = View;
			sourceTree = "<group>";
		};
/* End PBXGroup section */

/* Begin PBXNativeTarget section */
		A4E92F2F257D2BD6008A78DD /* RankApp */ = {
			isa = PBXNativeTarget;
			buildConfigurationList = A4E92F44257D2BD7008A78DD /* Build configuration list for PBXNativeTarget "RankApp" */;
			buildPhases = (
				A4E92F2C257D2BD6008A78DD /* Sources */,
				A4E92F2D257D2BD6008A78DD /* Frameworks */,
				A4E92F2E257D2BD6008A78DD /* Resources */,
			);
			buildRules = (
			);
			dependencies = (
			);
			name = RankApp;
			productName = RankApp;
			productReference = A4E92F30257D2BD6008A78DD /* RankApp.app */;
			productType = "com.apple.product-type.application";
		};
/* End PBXNativeTarget section */

/* Begin PBXProject section */
		A4E92F28257D2BD6008A78DD /* Project object */ = {
			isa = PBXProject;
			attributes = {
				LastSwiftUpdateCheck = 1160;
				LastUpgradeCheck = 1160;
				ORGANIZATIONNAME = "Ryota Nakaya";
				TargetAttributes = {
					A4E92F2F257D2BD6008A78DD = {
						CreatedOnToolsVersion = 11.6;
					};
				};
			};
			buildConfigurationList = A4E92F2B257D2BD6008A78DD /* Build configuration list for PBXProject "RankApp" */;
			compatibilityVersion = "Xcode 9.3";
			developmentRegion = en;
			hasScannedForEncodings = 0;
			knownRegions = (
				en,
				Base,
			);
			mainGroup = A4E92F27257D2BD6008A78DD;
			productRefGroup = A4E92F31257D2BD6008A78DD /* Products */;
			projectDirPath = "";
			projectRoot = "";
			targets = (
				A4E92F2F257D2BD6008A78DD /* RankApp */,
			);
		};
/* End PBXProject section */

/* Begin PBXResourcesBuildPhase section */
		A4E92F2E257D2BD6008A78DD /* Resources */ = {
			isa = PBXResourcesBuildPhase;
			buildActionMask = 2147483647;
			files = (
				A4D5352F25C0599800361419 /* gRPC-C++.framework in Resources */,
				A450E2A925BF06B600DFFA5F /* FirebaseFirestore.framework in Resources */,
				A4E92F40257D2BD7008A78DD /* LaunchScreen.storyboard in Resources */,
				A4E92F3D257D2BD7008A78DD /* Preview Assets.xcassets in Resources */,
				A4E92F3A257D2BD7008A78DD /* Assets.xcassets in Resources */,
				A49775C225C6FBD400C70E4F /* GoogleService-Info.plist in Resources */,
			);
			runOnlyForDeploymentPostprocessing = 0;
		};
/* End PBXResourcesBuildPhase section */

/* Begin PBXSourcesBuildPhase section */
		A4E92F2C257D2BD6008A78DD /* Sources */ = {
			isa = PBXSourcesBuildPhase;
			buildActionMask = 2147483647;
			files = (
				A4E92F5125861AA5008A78DD /* RankController.swift in Sources */,
				A450E25C25BD6C0300DFFA5F /* AddRankModal.swift in Sources */,
				A4E92F4D257E7266008A78DD /* RankView.swift in Sources */,
				A4E92F4F25825088008A78DD /* Rank.swift in Sources */,
				A4E92F4B257E6BA3008A78DD /* RankContentView.swift in Sources */,
				A467147325AC5D6000B9B735 /* RankContent.swift in Sources */,
				A4E92F34257D2BD6008A78DD /* AppDelegate.swift in Sources */,
				A467147125AC5D2F00B9B735 /* RankContentController.swift in Sources */,
				A4E92F36257D2BD6008A78DD /* SceneDelegate.swift in Sources */,
				A4E92F38257D2BD6008A78DD /* ContentView.swift in Sources */,
			);
			runOnlyForDeploymentPostprocessing = 0;
		};
/* End PBXSourcesBuildPhase section */

/* Begin PBXVariantGroup section */
		A4E92F3E257D2BD7008A78DD /* LaunchScreen.storyboard */ = {
			isa = PBXVariantGroup;
			children = (
				A4E92F3F257D2BD7008A78DD /* Base */,
			);
			name = LaunchScreen.storyboard;
			sourceTree = "<group>";
		};
/* End PBXVariantGroup section */

/* Begin XCBuildConfiguration section */
		A4E92F42257D2BD7008A78DD /* Debug */ = {
			isa = XCBuildConfiguration;
			buildSettings = {
				ALWAYS_SEARCH_USER_PATHS = NO;
				CLANG_ANALYZER_NONNULL = YES;
				CLANG_ANALYZER_NUMBER_OBJECT_CONVERSION = YES_AGGRESSIVE;
				CLANG_CXX_LANGUAGE_STANDARD = "gnu++14";
				CLANG_CXX_LIBRARY = "libc++";
				CLANG_ENABLE_MODULES = YES;
				CLANG_ENABLE_OBJC_ARC = YES;
				CLANG_ENABLE_OBJC_WEAK = YES;
				CLANG_WARN_BLOCK_CAPTURE_AUTORELEASING = YES;
				CLANG_WARN_BOOL_CONVERSION = YES;
				CLANG_WARN_COMMA = YES;
				CLANG_WARN_CONSTANT_CONVERSION = YES;
				CLANG_WARN_DEPRECATED_OBJC_IMPLEMENTATIONS = YES;
				CLANG_WARN_DIRECT_OBJC_ISA_USAGE = YES_ERROR;
				CLANG_WARN_DOCUMENTATION_COMMENTS = YES;
				CLANG_WARN_EMPTY_BODY = YES;
				CLANG_WARN_ENUM_CONVERSION = YES;
				CLANG_WARN_INFINITE_RECURSION = YES;
				CLANG_WARN_INT_CONVERSION = YES;
				CLANG_WARN_NON_LITERAL_NULL_CONVERSION = YES;
				CLANG_WARN_OBJC_IMPLICIT_RETAIN_SELF = YES;
				CLANG_WARN_OBJC_LITERAL_CONVERSION = YES;
				CLANG_WARN_OBJC_ROOT_CLASS = YES_ERROR;
				CLANG_WARN_RANGE_LOOP_ANALYSIS = YES;
				CLANG_WARN_STRICT_PROTOTYPES = YES;
				CLANG_WARN_SUSPICIOUS_MOVE = YES;
				CLANG_WARN_UNGUARDED_AVAILABILITY = YES_AGGRESSIVE;
				CLANG_WARN_UNREACHABLE_CODE = YES;
				CLANG_WARN__DUPLICATE_METHOD_MATCH = YES;
				COPY_PHASE_STRIP = NO;
				DEBUG_INFORMATION_FORMAT = dwarf;
				ENABLE_STRICT_OBJC_MSGSEND = YES;
				ENABLE_TESTABILITY = YES;
				GCC_C_LANGUAGE_STANDARD = gnu11;
				GCC_DYNAMIC_NO_PIC = NO;
				GCC_NO_COMMON_BLOCKS = YES;
				GCC_OPTIMIZATION_LEVEL = 0;
				GCC_PREPROCESSOR_DEFINITIONS = (
					"DEBUG=1",
					"$(inherited)",
				);
				GCC_WARN_64_TO_32_BIT_CONVERSION = YES;
				GCC_WARN_ABOUT_RETURN_TYPE = YES_ERROR;
				GCC_WARN_UNDECLARED_SELECTOR = YES;
				GCC_WARN_UNINITIALIZED_AUTOS = YES_AGGRESSIVE;
				GCC_WARN_UNUSED_FUNCTION = YES;
				GCC_WARN_UNUSED_VARIABLE = YES;
				IPHONEOS_DEPLOYMENT_TARGET = 13.6;
				MTL_ENABLE_DEBUG_INFO = INCLUDE_SOURCE;
				MTL_FAST_MATH = YES;
				NEW_SETTING = "";
				ONLY_ACTIVE_ARCH = YES;
				"OTHER_LDFLAGS[arch=*]" = (
					"$(OTHER_LDFLAGS)",
					"-ObjC",
				);
				SDKROOT = iphoneos;
				SWIFT_ACTIVE_COMPILATION_CONDITIONS = DEBUG;
				SWIFT_OPTIMIZATION_LEVEL = "-Onone";
			};
			name = Debug;
		};
		A4E92F43257D2BD7008A78DD /* Release */ = {
			isa = XCBuildConfiguration;
			buildSettings = {
				ALWAYS_SEARCH_USER_PATHS = NO;
				CLANG_ANALYZER_NONNULL = YES;
				CLANG_ANALYZER_NUMBER_OBJECT_CONVERSION = YES_AGGRESSIVE;
				CLANG_CXX_LANGUAGE_STANDARD = "gnu++14";
				CLANG_CXX_LIBRARY = "libc++";
				CLANG_ENABLE_MODULES = YES;
				CLANG_ENABLE_OBJC_ARC = YES;
				CLANG_ENABLE_OBJC_WEAK = YES;
				CLANG_WARN_BLOCK_CAPTURE_AUTORELEASING = YES;
				CLANG_WARN_BOOL_CONVERSION = YES;
				CLANG_WARN_COMMA = YES;
				CLANG_WARN_CONSTANT_CONVERSION = YES;
				CLANG_WARN_DEPRECATED_OBJC_IMPLEMENTATIONS = YES;
				CLANG_WARN_DIRECT_OBJC_ISA_USAGE = YES_ERROR;
				CLANG_WARN_DOCUMENTATION_COMMENTS = YES;
				CLANG_WARN_EMPTY_BODY = YES;
				CLANG_WARN_ENUM_CONVERSION = YES;
				CLANG_WARN_INFINITE_RECURSION = YES;
				CLANG_WARN_INT_CONVERSION = YES;
				CLANG_WARN_NON_LITERAL_NULL_CONVERSION = YES;
				CLANG_WARN_OBJC_IMPLICIT_RETAIN_SELF = YES;
				CLANG_WARN_OBJC_LITERAL_CONVERSION = YES;
				CLANG_WARN_OBJC_ROOT_CLASS = YES_ERROR;
				CLANG_WARN_RANGE_LOOP_ANALYSIS = YES;
				CLANG_WARN_STRICT_PROTOTYPES = YES;
				CLANG_WARN_SUSPICIOUS_MOVE = YES;
				CLANG_WARN_UNGUARDED_AVAILABILITY = YES_AGGRESSIVE;
				CLANG_WARN_UNREACHABLE_CODE = YES;
				CLANG_WARN__DUPLICATE_METHOD_MATCH = YES;
				COPY_PHASE_STRIP = NO;
				DEBUG_INFORMATION_FORMAT = "dwarf-with-dsym";
				ENABLE_NS_ASSERTIONS = NO;
				ENABLE_STRICT_OBJC_MSGSEND = YES;
				GCC_C_LANGUAGE_STANDARD = gnu11;
				GCC_NO_COMMON_BLOCKS = YES;
				GCC_WARN_64_TO_32_BIT_CONVERSION = YES;
				GCC_WARN_ABOUT_RETURN_TYPE = YES_ERROR;
				GCC_WARN_UNDECLARED_SELECTOR = YES;
				GCC_WARN_UNINITIALIZED_AUTOS = YES_AGGRESSIVE;
				GCC_WARN_UNUSED_FUNCTION = YES;
				GCC_WARN_UNUSED_VARIABLE = YES;
				IPHONEOS_DEPLOYMENT_TARGET = 13.6;
				MTL_ENABLE_DEBUG_INFO = NO;
				MTL_FAST_MATH = YES;
				NEW_SETTING = "";
				"OTHER_LDFLAGS[arch=*]" = (
					"$(OTHER_LDFLAGS)",
					"-ObjC",
				);
				SDKROOT = iphoneos;
				SWIFT_COMPILATION_MODE = wholemodule;
				SWIFT_OPTIMIZATION_LEVEL = "-O";
				VALIDATE_PRODUCT = YES;
			};
			name = Release;
		};
		A4E92F45257D2BD7008A78DD /* Debug */ = {
			isa = XCBuildConfiguration;
			buildSettings = {
				ASSETCATALOG_COMPILER_APPICON_NAME = AppIcon;
				CODE_SIGN_STYLE = Automatic;
				DEVELOPMENT_ASSET_PATHS = "\"RankApp/Preview Content\"";
				DEVELOPMENT_TEAM = D4W6G3MQ2F;
				ENABLE_PREVIEWS = YES;
				FRAMEWORK_SEARCH_PATHS = (
					"$(inherited)",
					"$(PROJECT_DIR)/Carthage/Build/iOS",
				);
				INFOPLIST_FILE = RankApp/Info.plist;
				LD_RUNPATH_SEARCH_PATHS = (
					"$(inherited)",
					"@executable_path/Frameworks",
				);
				PRODUCT_BUNDLE_IDENTIFIER = com.gmail.0709nakaya.RankApp;
				PRODUCT_NAME = "$(TARGET_NAME)";
				SWIFT_VERSION = 5.0;
				TARGETED_DEVICE_FAMILY = "1,2";
			};
			name = Debug;
		};
		A4E92F46257D2BD7008A78DD /* Release */ = {
			isa = XCBuildConfiguration;
			buildSettings = {
				ASSETCATALOG_COMPILER_APPICON_NAME = AppIcon;
				CODE_SIGN_STYLE = Automatic;
				DEVELOPMENT_ASSET_PATHS = "\"RankApp/Preview Content\"";
				DEVELOPMENT_TEAM = D4W6G3MQ2F;
				ENABLE_PREVIEWS = YES;
				FRAMEWORK_SEARCH_PATHS = (
					"$(inherited)",
					"$(PROJECT_DIR)/Carthage/Build/iOS",
				);
				INFOPLIST_FILE = RankApp/Info.plist;
				LD_RUNPATH_SEARCH_PATHS = (
					"$(inherited)",
					"@executable_path/Frameworks",
				);
				PRODUCT_BUNDLE_IDENTIFIER = com.gmail.0709nakaya.RankApp;
				PRODUCT_NAME = "$(TARGET_NAME)";
				SWIFT_VERSION = 5.0;
				TARGETED_DEVICE_FAMILY = "1,2";
			};
			name = Release;
		};
/* End XCBuildConfiguration section */

/* Begin XCConfigurationList section */
		A4E92F2B257D2BD6008A78DD /* Build configuration list for PBXProject "RankApp" */ = {
			isa = XCConfigurationList;
			buildConfigurations = (
				A4E92F42257D2BD7008A78DD /* Debug */,
				A4E92F43257D2BD7008A78DD /* Release */,
			);
			defaultConfigurationIsVisible = 0;
			defaultConfigurationName = Release;
		};
		A4E92F44257D2BD7008A78DD /* Build configuration list for PBXNativeTarget "RankApp" */ = {
			isa = XCConfigurationList;
			buildConfigurations = (
				A4E92F45257D2BD7008A78DD /* Debug */,
				A4E92F46257D2BD7008A78DD /* Release */,
			);
			defaultConfigurationIsVisible = 0;
			defaultConfigurationName = Release;
		};
/* End XCConfigurationList section */
	};
	rootObject = A4E92F28257D2BD6008A78DD /* Project object */;
}
